// !$*UTF8*$!
{
	archiveVersion = 1;
	classes = {
	};
	objectVersion = 46;
	objects = {

/* Begin PBXBuildFile section */
		4976ABB91A015780004EAE64 /* AddTaskViewController.swift in Sources */ = {isa = PBXBuildFile; fileRef = 4976ABB81A015780004EAE64 /* AddTaskViewController.swift */; };
		49CC6EA519FFC0590081362C /* AppDelegate.swift in Sources */ = {isa = PBXBuildFile; fileRef = 49CC6EA419FFC0590081362C /* AppDelegate.swift */; };
		49CC6EA719FFC0590081362C /* ViewController.swift in Sources */ = {isa = PBXBuildFile; fileRef = 49CC6EA619FFC0590081362C /* ViewController.swift */; };
		49CC6EAA19FFC0590081362C /* Main.storyboard in Resources */ = {isa = PBXBuildFile; fileRef = 49CC6EA819FFC0590081362C /* Main.storyboard */; };
		49CC6EAC19FFC0590081362C /* Images.xcassets in Resources */ = {isa = PBXBuildFile; fileRef = 49CC6EAB19FFC0590081362C /* Images.xcassets */; };
		49CC6EAF19FFC0590081362C /* LaunchScreen.xib in Resources */ = {isa = PBXBuildFile; fileRef = 49CC6EAD19FFC0590081362C /* LaunchScreen.xib */; };
		49CC6EBB19FFC0590081362C /* TaskItTests.swift in Sources */ = {isa = PBXBuildFile; fileRef = 49CC6EBA19FFC0590081362C /* TaskItTests.swift */; };
		49CC6EC719FFEDA90081362C /* TaskCell.swift in Sources */ = {isa = PBXBuildFile; fileRef = 49CC6EC619FFEDA90081362C /* TaskCell.swift */; };
		49CC6ECB1A01029B0081362C /* TaskModel.swift in Sources */ = {isa = PBXBuildFile; fileRef = 49CC6ECA1A01029B0081362C /* TaskModel.swift */; };
		49CC6ECD1A010C2C0081362C /* TaskDetailViewController.swift in Sources */ = {isa = PBXBuildFile; fileRef = 49CC6ECC1A010C2C0081362C /* TaskDetailViewController.swift */; };
		49CC6ECF1A011C880081362C /* Date.swift in Sources */ = {isa = PBXBuildFile; fileRef = 49CC6ECE1A011C880081362C /* Date.swift */; };
/* End PBXBuildFile section */

/* Begin PBXContainerItemProxy section */
		49CC6EB519FFC0590081362C /* PBXContainerItemProxy */ = {
			isa = PBXContainerItemProxy;
			containerPortal = 49CC6E9719FFC0590081362C /* Project object */;
			proxyType = 1;
			remoteGlobalIDString = 49CC6E9E19FFC0590081362C;
			remoteInfo = TaskIt;
		};
/* End PBXContainerItemProxy section */

/* Begin PBXFileReference section */
		4976ABB61A013D2B004EAE64 /* es */ = {isa = PBXFileReference; lastKnownFileType = text.plist.strings; name = es; path = es.lproj/Main.strings; sourceTree = "<group>"; };
		4976ABB71A013D2C004EAE64 /* es */ = {isa = PBXFileReference; lastKnownFileType = text.plist.strings; name = es; path = es.lproj/LaunchScreen.strings; sourceTree = "<group>"; };
		4976ABB81A015780004EAE64 /* AddTaskViewController.swift */ = {isa = PBXFileReference; fileEncoding = 4; lastKnownFileType = sourcecode.swift; path = AddTaskViewController.swift; sourceTree = "<group>"; };
		49CC6E9F19FFC0590081362C /* TaskIt.app */ = {isa = PBXFileReference; explicitFileType = wrapper.application; includeInIndex = 0; path = TaskIt.app; sourceTree = BUILT_PRODUCTS_DIR; };
		49CC6EA319FFC0590081362C /* Info.plist */ = {isa = PBXFileReference; lastKnownFileType = text.plist.xml; path = Info.plist; sourceTree = "<group>"; };
		49CC6EA419FFC0590081362C /* AppDelegate.swift */ = {isa = PBXFileReference; lastKnownFileType = sourcecode.swift; path = AppDelegate.swift; sourceTree = "<group>"; };
		49CC6EA619FFC0590081362C /* ViewController.swift */ = {isa = PBXFileReference; lastKnownFileType = sourcecode.swift; path = ViewController.swift; sourceTree = "<group>"; };
		49CC6EA919FFC0590081362C /* Base */ = {isa = PBXFileReference; lastKnownFileType = file.storyboard; name = Base; path = Base.lproj/Main.storyboard; sourceTree = "<group>"; };
		49CC6EAB19FFC0590081362C /* Images.xcassets */ = {isa = PBXFileReference; lastKnownFileType = folder.assetcatalog; path = Images.xcassets; sourceTree = "<group>"; };
		49CC6EAE19FFC0590081362C /* Base */ = {isa = PBXFileReference; lastKnownFileType = file.xib; name = Base; path = Base.lproj/LaunchScreen.xib; sourceTree = "<group>"; };
		49CC6EB419FFC0590081362C /* TaskItTests.xctest */ = {isa = PBXFileReference; explicitFileType = wrapper.cfbundle; includeInIndex = 0; path = TaskItTests.xctest; sourceTree = BUILT_PRODUCTS_DIR; };
		49CC6EB919FFC0590081362C /* Info.plist */ = {isa = PBXFileReference; lastKnownFileType = text.plist.xml; path = Info.plist; sourceTree = "<group>"; };
		49CC6EBA19FFC0590081362C /* TaskItTests.swift */ = {isa = PBXFileReference; lastKnownFileType = sourcecode.swift; path = TaskItTests.swift; sourceTree = "<group>"; };
		49CC6EC619FFEDA90081362C /* TaskCell.swift */ = {isa = PBXFileReference; fileEncoding = 4; lastKnownFileType = sourcecode.swift; path = TaskCell.swift; sourceTree = "<group>"; };
		49CC6ECA1A01029B0081362C /* TaskModel.swift */ = {isa = PBXFileReference; fileEncoding = 4; lastKnownFileType = sourcecode.swift; path = TaskModel.swift; sourceTree = "<group>"; };
		49CC6ECC1A010C2C0081362C /* TaskDetailViewController.swift */ = {isa = PBXFileReference; fileEncoding = 4; lastKnownFileType = sourcecode.swift; path = TaskDetailViewController.swift; sourceTree = "<group>"; };
		49CC6ECE1A011C880081362C /* Date.swift */ = {isa = PBXFileReference; fileEncoding = 4; lastKnownFileType = sourcecode.swift; path = Date.swift; sourceTree = "<group>"; };
/* End PBXFileReference section */

/* Begin PBXFrameworksBuildPhase section */
		49CC6E9C19FFC0590081362C /* Frameworks */ = {
			isa = PBXFrameworksBuildPhase;
			buildActionMask = 2147483647;
			files = (
			);
			runOnlyForDeploymentPostprocessing = 0;
		};
		49CC6EB119FFC0590081362C /* Frameworks */ = {
			isa = PBXFrameworksBuildPhase;
			buildActionMask = 2147483647;
			files = (
			);
			runOnlyForDeploymentPostprocessing = 0;
		};
/* End PBXFrameworksBuildPhase section */

/* Begin PBXGroup section */
		49CC6E9619FFC0590081362C = {
			isa = PBXGroup;
			children = (
				49CC6EA119FFC0590081362C /* TaskIt */,
				49CC6EB719FFC0590081362C /* TaskItTests */,
				49CC6EA019FFC0590081362C /* Products */,
			);
			sourceTree = "<group>";
		};
		49CC6EA019FFC0590081362C /* Products */ = {
			isa = PBXGroup;
			children = (
				49CC6E9F19FFC0590081362C /* TaskIt.app */,
				49CC6EB419FFC0590081362C /* TaskItTests.xctest */,
			);
			name = Products;
			sourceTree = "<group>";
		};
		49CC6EA119FFC0590081362C /* TaskIt */ = {
			isa = PBXGroup;
			children = (
				49CC6EC619FFEDA90081362C /* TaskCell.swift */,
				49CC6EA419FFC0590081362C /* AppDelegate.swift */,
				49CC6EA619FFC0590081362C /* ViewController.swift */,
				4976ABB81A015780004EAE64 /* AddTaskViewController.swift */,
				49CC6ECC1A010C2C0081362C /* TaskDetailViewController.swift */,
				49CC6ECE1A011C880081362C /* Date.swift */,
				49CC6ECA1A01029B0081362C /* TaskModel.swift */,
				49CC6EA819FFC0590081362C /* Main.storyboard */,
				49CC6EAB19FFC0590081362C /* Images.xcassets */,
				49CC6EAD19FFC0590081362C /* LaunchScreen.xib */,
				49CC6EA219FFC0590081362C /* Supporting Files */,
			);
			path = TaskIt;
			sourceTree = "<group>";
		};
		49CC6EA219FFC0590081362C /* Supporting Files */ = {
			isa = PBXGroup;
			children = (
				49CC6EA319FFC0590081362C /* Info.plist */,
			);
			name = "Supporting Files";
			sourceTree = "<group>";
		};
		49CC6EB719FFC0590081362C /* TaskItTests */ = {
			isa = PBXGroup;
			children = (
				49CC6EBA19FFC0590081362C /* TaskItTests.swift */,
				49CC6EB819FFC0590081362C /* Supporting Files */,
			);
			path = TaskItTests;
			sourceTree = "<group>";
		};
		49CC6EB819FFC0590081362C /* Supporting Files */ = {
			isa = PBXGroup;
			children = (
				49CC6EB919FFC0590081362C /* Info.plist */,
			);
			name = "Supporting Files";
			sourceTree = "<group>";
		};
/* End PBXGroup section */

/* Begin PBXNativeTarget section */
		49CC6E9E19FFC0590081362C /* TaskIt */ = {
			isa = PBXNativeTarget;
			buildConfigurationList = 49CC6EBE19FFC0590081362C /* Build configuration list for PBXNativeTarget "TaskIt" */;
			buildPhases = (
				49CC6E9B19FFC0590081362C /* Sources */,
				49CC6E9C19FFC0590081362C /* Frameworks */,
				49CC6E9D19FFC0590081362C /* Resources */,
			);
			buildRules = (
			);
			dependencies = (
			);
			name = TaskIt;
			productName = TaskIt;
			productReference = 49CC6E9F19FFC0590081362C /* TaskIt.app */;
			productType = "com.apple.product-type.application";
		};
		49CC6EB319FFC0590081362C /* TaskItTests */ = {
			isa = PBXNativeTarget;
			buildConfigurationList = 49CC6EC119FFC0590081362C /* Build configuration list for PBXNativeTarget "TaskItTests" */;
			buildPhases = (
				49CC6EB019FFC0590081362C /* Sources */,
				49CC6EB119FFC0590081362C /* Frameworks */,
				49CC6EB219FFC0590081362C /* Resources */,
			);
			buildRules = (
			);
			dependencies = (
				49CC6EB619FFC0590081362C /* PBXTargetDependency */,
			);
			name = TaskItTests;
			productName = TaskItTests;
			productReference = 49CC6EB419FFC0590081362C /* TaskItTests.xctest */;
			productType = "com.apple.product-type.bundle.unit-test";
		};
/* End PBXNativeTarget section */

/* Begin PBXProject section */
		49CC6E9719FFC0590081362C /* Project object */ = {
			isa = PBXProject;
			attributes = {
				LastUpgradeCheck = 0600;
				ORGANIZATIONNAME = "Miguel Angel Moreno Armenteros";
				TargetAttributes = {
					49CC6E9E19FFC0590081362C = {
						CreatedOnToolsVersion = 6.0;
					};
					49CC6EB319FFC0590081362C = {
						CreatedOnToolsVersion = 6.0;
						TestTargetID = 49CC6E9E19FFC0590081362C;
					};
				};
			};
			buildConfigurationList = 49CC6E9A19FFC0590081362C /* Build configuration list for PBXProject "TaskIt" */;
			compatibilityVersion = "Xcode 3.2";
			developmentRegion = English;
			hasScannedForEncodings = 0;
			knownRegions = (
				en,
				Base,
			);
			mainGroup = 49CC6E9619FFC0590081362C;
			productRefGroup = 49CC6EA019FFC0590081362C /* Products */;
			projectDirPath = "";
			projectRoot = "";
			targets = (
				49CC6E9E19FFC0590081362C /* TaskIt */,
				49CC6EB319FFC0590081362C /* TaskItTests */,
			);
		};
/* End PBXProject section */

/* Begin PBXResourcesBuildPhase section */
		49CC6E9D19FFC0590081362C /* Resources */ = {
			isa = PBXResourcesBuildPhase;
			buildActionMask = 2147483647;
			files = (
				49CC6EAA19FFC0590081362C /* Main.storyboard in Resources */,
				49CC6EAF19FFC0590081362C /* LaunchScreen.xib in Resources */,
				49CC6EAC19FFC0590081362C /* Images.xcassets in Resources */,
			);
			runOnlyForDeploymentPostprocessing = 0;
		};
		49CC6EB219FFC0590081362C /* Resources */ = {
			isa = PBXResourcesBuildPhase;
			buildActionMask = 2147483647;
			files = (
			);
			runOnlyForDeploymentPostprocessing = 0;
		};
/* End PBXResourcesBuildPhase section */

/* Begin PBXSourcesBuildPhase section */
		49CC6E9B19FFC0590081362C /* Sources */ = {
			isa = PBXSourcesBuildPhase;
			buildActionMask = 2147483647;
			files = (
				49CC6EA719FFC0590081362C /* ViewController.swift in Sources */,
				49CC6ECF1A011C880081362C /* Date.swift in Sources */,
				49CC6EC719FFEDA90081362C /* TaskCell.swift in Sources */,
				49CC6ECB1A01029B0081362C /* TaskModel.swift in Sources */,
				49CC6EA519FFC0590081362C /* AppDelegate.swift in Sources */,
				49CC6ECD1A010C2C0081362C /* TaskDetailViewController.swift in Sources */,
				4976ABB91A015780004EAE64 /* AddTaskViewController.swift in Sources */,
			);
			runOnlyForDeploymentPostprocessing = 0;
		};
		49CC6EB019FFC0590081362C /* Sources */ = {
			isa = PBXSourcesBuildPhase;
			buildActionMask = 2147483647;
			files = (
				49CC6EBB19FFC0590081362C /* TaskItTests.swift in Sources */,
			);
			runOnlyForDeploymentPostprocessing = 0;
		};
/* End PBXSourcesBuildPhase section */

/* Begin PBXTargetDependency section */
		49CC6EB619FFC0590081362C /* PBXTargetDependency */ = {
			isa = PBXTargetDependency;
			target = 49CC6E9E19FFC0590081362C /* TaskIt */;
			targetProxy = 49CC6EB519FFC0590081362C /* PBXContainerItemProxy */;
		};
/* End PBXTargetDependency section */

/* Begin PBXVariantGroup section */
		49CC6EA819FFC0590081362C /* Main.storyboard */ = {
			isa = PBXVariantGroup;
			children = (
				49CC6EA919FFC0590081362C /* Base */,
				4976ABB61A013D2B004EAE64 /* es */,
			);
			name = Main.storyboard;
			sourceTree = "<group>";
		};
		49CC6EAD19FFC0590081362C /* LaunchScreen.xib */ = {
			isa = PBXVariantGroup;
			children = (
				49CC6EAE19FFC0590081362C /* Base */,
				4976ABB71A013D2C004EAE64 /* es */,
			);
			name = LaunchScreen.xib;
			sourceTree = "<group>";
		};
/* End PBXVariantGroup section */

/* Begin XCBuildConfiguration section */
		49CC6EBC19FFC0590081362C /* Debug */ = {
			isa = XCBuildConfiguration;
			buildSettings = {
				ALWAYS_SEARCH_USER_PATHS = NO;
				CLANG_CXX_LANGUAGE_STANDARD = "gnu++0x";
				CLANG_CXX_LIBRARY = "libc++";
				CLANG_ENABLE_MODULES = YES;
				CLANG_ENABLE_OBJC_ARC = YES;
				CLANG_WARN_BOOL_CONVERSION = YES;
				CLANG_WARN_CONSTANT_CONVERSION = YES;
				CLANG_WARN_DIRECT_OBJC_ISA_USAGE = YES_ERROR;
				CLANG_WARN_EMPTY_BODY = YES;
				CLANG_WARN_ENUM_CONVERSION = YES;
				CLANG_WARN_INT_CONVERSION = YES;
				CLANG_WARN_OBJC_ROOT_CLASS = YES_ERROR;
				CLANG_WARN_UNREACHABLE_CODE = YES;
				CLANG_WARN__DUPLICATE_METHOD_MATCH = YES;
				"CODE_SIGN_IDENTITY[sdk=iphoneos*]" = "iPhone Developer";
				COPY_PHASE_STRIP = NO;
				ENABLE_STRICT_OBJC_MSGSEND = YES;
				GCC_C_LANGUAGE_STANDARD = gnu99;
				GCC_DYNAMIC_NO_PIC = NO;
				GCC_OPTIMIZATION_LEVEL = 0;
				GCC_PREPROCESSOR_DEFINITIONS = (
					"DEBUG=1",
					"$(inherited)",
				);
				GCC_SYMBOLS_PRIVATE_EXTERN = NO;
				GCC_WARN_64_TO_32_BIT_CONVERSION = YES;
				GCC_WARN_ABOUT_RETURN_TYPE = YES_ERROR;
				GCC_WARN_UNDECLARED_SELECTOR = YES;
				GCC_WARN_UNINITIALIZED_AUTOS = YES_AGGRESSIVE;
				GCC_WARN_UNUSED_FUNCTION = YES;
				GCC_WARN_UNUSED_VARIABLE = YES;
				IPHONEOS_DEPLOYMENT_TARGET = 8.0;
				MTL_ENABLE_DEBUG_INFO = YES;
				ONLY_ACTIVE_ARCH = YES;
				SDKROOT = iphoneos;
				SWIFT_OPTIMIZATION_LEVEL = "-Onone";
				TARGETED_DEVICE_FAMILY = "1,2";
			};
			name = Debug;
		};
		49CC6EBD19FFC0590081362C /* Release */ = {
			isa = XCBuildConfiguration;
			buildSettings = {
				ALWAYS_SEARCH_USER_PATHS = NO;
				CLANG_CXX_LANGUAGE_STANDARD = "gnu++0x";
				CLANG_CXX_LIBRARY = "libc++";
				CLANG_ENABLE_MODULES = YES;
				CLANG_ENABLE_OBJC_ARC = YES;
				CLANG_WARN_BOOL_CONVERSION = YES;
				CLANG_WARN_CONSTANT_CONVERSION = YES;
				CLANG_WARN_DIRECT_OBJC_ISA_USAGE = YES_ERROR;
				CLANG_WARN_EMPTY_BODY = YES;
				CLANG_WARN_ENUM_CONVERSION = YES;
				CLANG_WARN_INT_CONVERSION = YES;
				CLANG_WARN_OBJC_ROOT_CLASS = YES_ERROR;
				CLANG_WARN_UNREACHABLE_CODE = YES;
				CLANG_WARN__DUPLICATE_METHOD_MATCH = YES;
				"CODE_SIGN_IDENTITY[sdk=iphoneos*]" = "iPhone Developer";
				COPY_PHASE_STRIP = YES;
				ENABLE_NS_ASSERTIONS = NO;
				ENABLE_STRICT_OBJC_MSGSEND = YES;
				GCC_C_LANGUAGE_STANDARD = gnu99;
				GCC_WARN_64_TO_32_BIT_CONVERSION = YES;
				GCC_WARN_ABOUT_RETURN_TYPE = YES_ERROR;
				GCC_WARN_UNDECLARED_SELECTOR = YES;
				GCC_WARN_UNINITIALIZED_AUTOS = YES_AGGRESSIVE;
				GCC_WARN_UNUSED_FUNCTION = YES;
				GCC_WARN_UNUSED_VARIABLE = YES;
				IPHONEOS_DEPLOYMENT_TARGET = 8.0;
				MTL_ENABLE_DEBUG_INFO = NO;
				SDKROOT = iphoneos;
				TARGETED_DEVICE_FAMILY = "1,2";
				VALIDATE_PRODUCT = YES;
			};
			name = Release;
		};
		49CC6EBF19FFC0590081362C /* Debug */ = {
			isa = XCBuildConfiguration;
			buildSettings = {
				ASSETCATALOG_COMPILER_APPICON_NAME = AppIcon;
				INFOPLIST_FILE = TaskIt/Info.plist;
				LD_RUNPATH_SEARCH_PATHS = "$(inherited) @executable_path/Frameworks";
				PRODUCT_NAME = "$(TARGET_NAME)";
			};
			name = Debug;
		};
		49CC6EC019FFC0590081362C /* Release */ = {
			isa = XCBuildConfiguration;
			buildSettings = {
				ASSETCATALOG_COMPILER_APPICON_NAME = AppIcon;
				INFOPLIST_FILE = TaskIt/Info.plist;
				LD_RUNPATH_SEARCH_PATHS = "$(inherited) @executable_path/Frameworks";
				PRODUCT_NAME = "$(TARGET_NAME)";
			};
			name = Release;
		};
		49CC6EC219FFC0590081362C /* Debug */ = {
			isa = XCBuildConfiguration;
			buildSettings = {
				BUNDLE_LOADER = "$(TEST_HOST)";
				FRAMEWORK_SEARCH_PATHS = (
					"$(SDKROOT)/Developer/Library/Frameworks",
					"$(inherited)",
				);
				GCC_PREPROCESSOR_DEFINITIONS = (
					"DEBUG=1",
					"$(inherited)",
				);
				INFOPLIST_FILE = TaskItTests/Info.plist;
				LD_RUNPATH_SEARCH_PATHS = "$(inherited) @executable_path/Frameworks @loader_path/Frameworks";
				PRODUCT_NAME = "$(TARGET_NAME)";
				TEST_HOST = "$(BUILT_PRODUCTS_DIR)/TaskIt.app/TaskIt";
			};
			name = Debug;
		};
		49CC6EC319FFC0590081362C /* Release */ = {
			isa = XCBuildConfiguration;
			buildSettings = {
				BUNDLE_LOADER = "$(TEST_HOST)";
				FRAMEWORK_SEARCH_PATHS = (
					"$(SDKROOT)/Developer/Library/Frameworks",
					"$(inherited)",
				);
				INFOPLIST_FILE = TaskItTests/Info.plist;
				LD_RUNPATH_SEARCH_PATHS = "$(inherited) @executable_path/Frameworks @loader_path/Frameworks";
				PRODUCT_NAME = "$(TARGET_NAME)";
				TEST_HOST = "$(BUILT_PRODUCTS_DIR)/TaskIt.app/TaskIt";
			};
			name = Release;
		};
/* End XCBuildConfiguration section */

/* Begin XCConfigurationList section */
		49CC6E9A19FFC0590081362C /* Build configuration list for PBXProject "TaskIt" */ = {
			isa = XCConfigurationList;
			buildConfigurations = (
				49CC6EBC19FFC0590081362C /* Debug */,
				49CC6EBD19FFC0590081362C /* Release */,
			);
			defaultConfigurationIsVisible = 0;
			defaultConfigurationName = Release;
		};
		49CC6EBE19FFC0590081362C /* Build configuration list for PBXNativeTarget "TaskIt" */ = {
			isa = XCConfigurationList;
			buildConfigurations = (
				49CC6EBF19FFC0590081362C /* Debug */,
				49CC6EC019FFC0590081362C /* Release */,
			);
			defaultConfigurationIsVisible = 0;
			defaultConfigurationName = Release;
		};
		49CC6EC119FFC0590081362C /* Build configuration list for PBXNativeTarget "TaskItTests" */ = {
			isa = XCConfigurationList;
			buildConfigurations = (
				49CC6EC219FFC0590081362C /* Debug */,
				49CC6EC319FFC0590081362C /* Release */,
			);
			defaultConfigurationIsVisible = 0;
			defaultConfigurationName = Release;
		};
/* End XCConfigurationList section */
	};
	rootObject = 49CC6E9719FFC0590081362C /* Project object */;
}
